
Microsoft Visual Studio Solution File, Format Version 12.00
# Visual Studio Version 17
VisualStudioVersion = 17.10.35122.118
MinimumVisualStudioVersion = 10.0.40219.1
Project("{FAE04EC0-301F-11D3-BF4B-00C04F79EFBC}") = "U5 Programa archivo 1", "U5 Programa archivo 1\U5 Programa archivo 1.csproj", "{0C4C65C2-70E8-4E92-8FA7-F6B8AD228E60}"
EndProject
Global
	GlobalSection(SolutionConfigurationPlatforms) = preSolution
		Debug|Any CPU = Debug|Any CPU
		Release|Any CPU = Release|Any CPU
	EndGlobalSection
	GlobalSection(ProjectConfigurationPlatforms) = postSolution
		{0C4C65C2-70E8-4E92-8FA7-F6B8AD228E60}.Debug|Any CPU.ActiveCfg = Debug|Any CPU
		{0C4C65C2-70E8-4E92-8FA7-F6B8AD228E60}.Debug|Any CPU.Build.0 = Debug|Any CPU
		{0C4C65C2-70E8-4E92-8FA7-F6B8AD228E60}.Release|Any CPU.ActiveCfg = Release|Any CPU
		{0C4C65C2-70E8-4E92-8FA7-F6B8AD228E60}.Release|Any CPU.Build.0 = Release|Any CPU
	EndGlobalSection
	GlobalSection(SolutionProperties) = preSolution
		HideSolutionNode = FALSE
	EndGlobalSection
	GlobalSection(ExtensibilityGlobals) = postSolution
		SolutionGuid = {CB01B958-F515-4287-9539-79363AFD1B11}
	EndGlobalSection
EndGlobal
